PODS:
  - CryptoSwift (0.6.6)
  - SwiftyBeaver (1.1.1)

DEPENDENCIES:
  - CryptoSwift
  - SwiftyBeaver

SPEC CHECKSUMS:
  CryptoSwift: 88592381b73f36e192124539390a7c9bacda76af
  SwiftyBeaver: 2b68694df862381235e32bcfc4ec991e26bf131d

PODFILE CHECKSUM: 5d939a84d4d14b6595d033e264ee7126917b8821

COCOAPODS: 1.2.0
