// !$*UTF8*$!
{
	archiveVersion = 1;
	classes = {
	};
	objectVersion = 46;
	objects = {

/* Begin PBXBuildFile section */
		6D2078AA1BAF4E3100020B3A /* MifareMini.swift in Sources */ = {isa = PBXBuildFile; fileRef = 6D2078A91BAF4E3100020B3A /* MifareMini.swift */; settings = {ASSET_TAGS = (); }; };
		6D2078AC1BAF549F00020B3A /* Block.swift in Sources */ = {isa = PBXBuildFile; fileRef = 6D2078AB1BAF549F00020B3A /* Block.swift */; settings = {ASSET_TAGS = (); }; };
		6D2078AE1BAFAD7D00020B3A /* TokenDetailViewController.swift in Sources */ = {isa = PBXBuildFile; fileRef = 6D2078AD1BAFAD7D00020B3A /* TokenDetailViewController.swift */; settings = {ASSET_TAGS = (); }; };
		6D269B4F1BB4584500D0EF97 /* DeviceTabViewController.swift in Sources */ = {isa = PBXBuildFile; fileRef = 6D269B4E1BB4584500D0EF97 /* DeviceTabViewController.swift */; settings = {ASSET_TAGS = (); }; };
		6D269B511BB4591300D0EF97 /* LibraryTabViewController.swift in Sources */ = {isa = PBXBuildFile; fileRef = 6D269B501BB4591300D0EF97 /* LibraryTabViewController.swift */; settings = {ASSET_TAGS = (); }; };
		6D269B531BB4C2FE00D0EF97 /* TokenCellView.swift in Sources */ = {isa = PBXBuildFile; fileRef = 6D269B521BB4C2FE00D0EF97 /* TokenCellView.swift */; settings = {ASSET_TAGS = (); }; };
		6D2BC2E41BB5022500933E7F /* TokenCellView.xib in Resources */ = {isa = PBXBuildFile; fileRef = 6D2BC2E31BB5022500933E7F /* TokenCellView.xib */; settings = {ASSET_TAGS = (); }; };
		6D3AFB671BAB848B00FAE962 /* AppDelegate.swift in Sources */ = {isa = PBXBuildFile; fileRef = 6D3AFB661BAB848B00FAE962 /* AppDelegate.swift */; };
		6D3AFB691BAB848B00FAE962 /* ViewController.swift in Sources */ = {isa = PBXBuildFile; fileRef = 6D3AFB681BAB848B00FAE962 /* ViewController.swift */; };
		6D3AFB6C1BAB848B00FAE962 /* InfiniteGateway.xcdatamodeld in Sources */ = {isa = PBXBuildFile; fileRef = 6D3AFB6A1BAB848B00FAE962 /* InfiniteGateway.xcdatamodeld */; };
		6D3AFB6E1BAB848B00FAE962 /* Assets.xcassets in Resources */ = {isa = PBXBuildFile; fileRef = 6D3AFB6D1BAB848B00FAE962 /* Assets.xcassets */; };
		6D3AFB711BAB848B00FAE962 /* Main.storyboard in Resources */ = {isa = PBXBuildFile; fileRef = 6D3AFB6F1BAB848B00FAE962 /* Main.storyboard */; };
		6D3AFB7C1BAB860300FAE962 /* Dictionary+get.swift in Sources */ = {isa = PBXBuildFile; fileRef = 6D3AFB781BAB860300FAE962 /* Dictionary+get.swift */; settings = {ASSET_TAGS = (); }; };
		6D3AFB7D1BAB860300FAE962 /* NSData+endian.swift in Sources */ = {isa = PBXBuildFile; fileRef = 6D3AFB791BAB860300FAE962 /* NSData+endian.swift */; settings = {ASSET_TAGS = (); }; };
		6D3AFB7E1BAB860300FAE962 /* NSData+hex.swift in Sources */ = {isa = PBXBuildFile; fileRef = 6D3AFB7A1BAB860300FAE962 /* NSData+hex.swift */; settings = {ASSET_TAGS = (); }; };
		6D3AFB7F1BAB860300FAE962 /* UInt8+reverse.swift in Sources */ = {isa = PBXBuildFile; fileRef = 6D3AFB7B1BAB860300FAE962 /* UInt8+reverse.swift */; settings = {ASSET_TAGS = (); }; };
		6D3AFB8A1BAB86FC00FAE962 /* Command.swift in Sources */ = {isa = PBXBuildFile; fileRef = 6D3AFB811BAB86FC00FAE962 /* Command.swift */; settings = {ASSET_TAGS = (); }; };
		6D3AFB8C1BAB86FC00FAE962 /* Message.swift in Sources */ = {isa = PBXBuildFile; fileRef = 6D3AFB831BAB86FC00FAE962 /* Message.swift */; settings = {ASSET_TAGS = (); }; };
		6D3AFB8D1BAB86FC00FAE962 /* Portal.swift in Sources */ = {isa = PBXBuildFile; fileRef = 6D3AFB841BAB86FC00FAE962 /* Portal.swift */; settings = {ASSET_TAGS = (); }; };
		6D3AFB8E1BAB86FC00FAE962 /* Report.swift in Sources */ = {isa = PBXBuildFile; fileRef = 6D3AFB851BAB86FC00FAE962 /* Report.swift */; settings = {ASSET_TAGS = (); }; };
		6D3AFB8F1BAB86FC00FAE962 /* Response.swift in Sources */ = {isa = PBXBuildFile; fileRef = 6D3AFB861BAB86FC00FAE962 /* Response.swift */; settings = {ASSET_TAGS = (); }; };
		6D3AFB901BAB86FC00FAE962 /* ThePoster.swift in Sources */ = {isa = PBXBuildFile; fileRef = 6D3AFB871BAB86FC00FAE962 /* ThePoster.swift */; settings = {ASSET_TAGS = (); }; };
		6D3AFB911BAB86FC00FAE962 /* Token.swift in Sources */ = {isa = PBXBuildFile; fileRef = 6D3AFB881BAB86FC00FAE962 /* Token.swift */; settings = {ASSET_TAGS = (); }; };
		6D3AFB921BAB86FC00FAE962 /* Update.swift in Sources */ = {isa = PBXBuildFile; fileRef = 6D3AFB891BAB86FC00FAE962 /* Update.swift */; settings = {ASSET_TAGS = (); }; };
		6D3AFB941BACD9AE00FAE962 /* PortalDriver.swift in Sources */ = {isa = PBXBuildFile; fileRef = 6D3AFB931BACD9AE00FAE962 /* PortalDriver.swift */; settings = {ASSET_TAGS = (); }; };
		6D3AFB961BAD1A7800FAE962 /* EncryptedToken.swift in Sources */ = {isa = PBXBuildFile; fileRef = 6D3AFB951BAD1A7800FAE962 /* EncryptedToken.swift */; settings = {ASSET_TAGS = (); }; };
/* End PBXBuildFile section */

/* Begin PBXFileReference section */
		6D2078A91BAF4E3100020B3A /* MifareMini.swift */ = {isa = PBXFileReference; fileEncoding = 4; lastKnownFileType = sourcecode.swift; path = MifareMini.swift; sourceTree = "<group>"; };
		6D2078AB1BAF549F00020B3A /* Block.swift */ = {isa = PBXFileReference; fileEncoding = 4; lastKnownFileType = sourcecode.swift; path = Block.swift; sourceTree = "<group>"; };
		6D2078AD1BAFAD7D00020B3A /* TokenDetailViewController.swift */ = {isa = PBXFileReference; fileEncoding = 4; lastKnownFileType = sourcecode.swift; path = TokenDetailViewController.swift; sourceTree = "<group>"; };
		6D269B4E1BB4584500D0EF97 /* DeviceTabViewController.swift */ = {isa = PBXFileReference; fileEncoding = 4; lastKnownFileType = sourcecode.swift; path = DeviceTabViewController.swift; sourceTree = "<group>"; };
		6D269B501BB4591300D0EF97 /* LibraryTabViewController.swift */ = {isa = PBXFileReference; fileEncoding = 4; lastKnownFileType = sourcecode.swift; path = LibraryTabViewController.swift; sourceTree = "<group>"; };
		6D269B521BB4C2FE00D0EF97 /* TokenCellView.swift */ = {isa = PBXFileReference; fileEncoding = 4; lastKnownFileType = sourcecode.swift; path = TokenCellView.swift; sourceTree = "<group>"; };
		6D2BC2E31BB5022500933E7F /* TokenCellView.xib */ = {isa = PBXFileReference; fileEncoding = 4; lastKnownFileType = file.xib; path = TokenCellView.xib; sourceTree = "<group>"; };
		6D3AFB631BAB848B00FAE962 /* InfiniteGateway.app */ = {isa = PBXFileReference; explicitFileType = wrapper.application; includeInIndex = 0; path = InfiniteGateway.app; sourceTree = BUILT_PRODUCTS_DIR; };
		6D3AFB661BAB848B00FAE962 /* AppDelegate.swift */ = {isa = PBXFileReference; lastKnownFileType = sourcecode.swift; path = AppDelegate.swift; sourceTree = "<group>"; };
		6D3AFB681BAB848B00FAE962 /* ViewController.swift */ = {isa = PBXFileReference; lastKnownFileType = sourcecode.swift; path = ViewController.swift; sourceTree = "<group>"; };
		6D3AFB6B1BAB848B00FAE962 /* InfiniteGateway.xcdatamodel */ = {isa = PBXFileReference; lastKnownFileType = wrapper.xcdatamodel; path = InfiniteGateway.xcdatamodel; sourceTree = "<group>"; };
		6D3AFB6D1BAB848B00FAE962 /* Assets.xcassets */ = {isa = PBXFileReference; lastKnownFileType = folder.assetcatalog; path = Assets.xcassets; sourceTree = "<group>"; };
		6D3AFB701BAB848B00FAE962 /* Base */ = {isa = PBXFileReference; lastKnownFileType = file.storyboard; name = Base; path = Base.lproj/Main.storyboard; sourceTree = "<group>"; };
		6D3AFB721BAB848B00FAE962 /* Info.plist */ = {isa = PBXFileReference; lastKnownFileType = text.plist.xml; path = Info.plist; sourceTree = "<group>"; };
		6D3AFB781BAB860300FAE962 /* Dictionary+get.swift */ = {isa = PBXFileReference; fileEncoding = 4; lastKnownFileType = sourcecode.swift; path = "Dictionary+get.swift"; sourceTree = "<group>"; };
		6D3AFB791BAB860300FAE962 /* NSData+endian.swift */ = {isa = PBXFileReference; fileEncoding = 4; lastKnownFileType = sourcecode.swift; path = "NSData+endian.swift"; sourceTree = "<group>"; };
		6D3AFB7A1BAB860300FAE962 /* NSData+hex.swift */ = {isa = PBXFileReference; fileEncoding = 4; lastKnownFileType = sourcecode.swift; path = "NSData+hex.swift"; sourceTree = "<group>"; };
		6D3AFB7B1BAB860300FAE962 /* UInt8+reverse.swift */ = {isa = PBXFileReference; fileEncoding = 4; lastKnownFileType = sourcecode.swift; path = "UInt8+reverse.swift"; sourceTree = "<group>"; };
		6D3AFB811BAB86FC00FAE962 /* Command.swift */ = {isa = PBXFileReference; fileEncoding = 4; lastKnownFileType = sourcecode.swift; path = Command.swift; sourceTree = "<group>"; };
		6D3AFB831BAB86FC00FAE962 /* Message.swift */ = {isa = PBXFileReference; fileEncoding = 4; lastKnownFileType = sourcecode.swift; path = Message.swift; sourceTree = "<group>"; };
		6D3AFB841BAB86FC00FAE962 /* Portal.swift */ = {isa = PBXFileReference; fileEncoding = 4; lastKnownFileType = sourcecode.swift; path = Portal.swift; sourceTree = "<group>"; };
		6D3AFB851BAB86FC00FAE962 /* Report.swift */ = {isa = PBXFileReference; fileEncoding = 4; lastKnownFileType = sourcecode.swift; path = Report.swift; sourceTree = "<group>"; };
		6D3AFB861BAB86FC00FAE962 /* Response.swift */ = {isa = PBXFileReference; fileEncoding = 4; lastKnownFileType = sourcecode.swift; path = Response.swift; sourceTree = "<group>"; };
		6D3AFB871BAB86FC00FAE962 /* ThePoster.swift */ = {isa = PBXFileReference; fileEncoding = 4; lastKnownFileType = sourcecode.swift; path = ThePoster.swift; sourceTree = "<group>"; };
		6D3AFB881BAB86FC00FAE962 /* Token.swift */ = {isa = PBXFileReference; fileEncoding = 4; lastKnownFileType = sourcecode.swift; path = Token.swift; sourceTree = "<group>"; };
		6D3AFB891BAB86FC00FAE962 /* Update.swift */ = {isa = PBXFileReference; fileEncoding = 4; lastKnownFileType = sourcecode.swift; path = Update.swift; sourceTree = "<group>"; };
		6D3AFB931BACD9AE00FAE962 /* PortalDriver.swift */ = {isa = PBXFileReference; fileEncoding = 4; lastKnownFileType = sourcecode.swift; path = PortalDriver.swift; sourceTree = "<group>"; };
		6D3AFB951BAD1A7800FAE962 /* EncryptedToken.swift */ = {isa = PBXFileReference; fileEncoding = 4; lastKnownFileType = sourcecode.swift; path = EncryptedToken.swift; sourceTree = "<group>"; };
/* End PBXFileReference section */

/* Begin PBXFrameworksBuildPhase section */
		6D3AFB601BAB848B00FAE962 /* Frameworks */ = {
			isa = PBXFrameworksBuildPhase;
			buildActionMask = 2147483647;
			files = (
			);
			runOnlyForDeploymentPostprocessing = 0;
		};
/* End PBXFrameworksBuildPhase section */

/* Begin PBXGroup section */
		6D3AFB5A1BAB848B00FAE962 = {
			isa = PBXGroup;
			children = (
				6D3AFB651BAB848B00FAE962 /* InfiniteGateway */,
				6D3AFB641BAB848B00FAE962 /* Products */,
			);
			sourceTree = "<group>";
		};
		6D3AFB641BAB848B00FAE962 /* Products */ = {
			isa = PBXGroup;
			children = (
				6D3AFB631BAB848B00FAE962 /* InfiniteGateway.app */,
			);
			name = Products;
			sourceTree = "<group>";
		};
		6D3AFB651BAB848B00FAE962 /* InfiniteGateway */ = {
			isa = PBXGroup;
			children = (
				6D3AFB661BAB848B00FAE962 /* AppDelegate.swift */,
				6D2078AB1BAF549F00020B3A /* Block.swift */,
				6D3AFB681BAB848B00FAE962 /* ViewController.swift */,
				6D269B501BB4591300D0EF97 /* LibraryTabViewController.swift */,
				6D269B4E1BB4584500D0EF97 /* DeviceTabViewController.swift */,
				6D2078AD1BAFAD7D00020B3A /* TokenDetailViewController.swift */,
				6D269B521BB4C2FE00D0EF97 /* TokenCellView.swift */,
				6D3AFB931BACD9AE00FAE962 /* PortalDriver.swift */,
				6D3AFB841BAB86FC00FAE962 /* Portal.swift */,
				6D3AFB811BAB86FC00FAE962 /* Command.swift */,
				6D3AFB831BAB86FC00FAE962 /* Message.swift */,
				6D3AFB851BAB86FC00FAE962 /* Report.swift */,
				6D3AFB861BAB86FC00FAE962 /* Response.swift */,
				6D3AFB891BAB86FC00FAE962 /* Update.swift */,
				6D3AFB871BAB86FC00FAE962 /* ThePoster.swift */,
				6D2078A91BAF4E3100020B3A /* MifareMini.swift */,
				6D3AFB881BAB86FC00FAE962 /* Token.swift */,
				6D3AFB951BAD1A7800FAE962 /* EncryptedToken.swift */,
				6D3AFB6D1BAB848B00FAE962 /* Assets.xcassets */,
				6D3AFB6F1BAB848B00FAE962 /* Main.storyboard */,
				6D2BC2E31BB5022500933E7F /* TokenCellView.xib */,
				6D3AFB721BAB848B00FAE962 /* Info.plist */,
				6D3AFB6A1BAB848B00FAE962 /* InfiniteGateway.xcdatamodeld */,
				6D3AFB801BAB860C00FAE962 /* Extensions */,
			);
			path = InfiniteGateway;
			sourceTree = "<group>";
		};
		6D3AFB801BAB860C00FAE962 /* Extensions */ = {
			isa = PBXGroup;
			children = (
				6D3AFB781BAB860300FAE962 /* Dictionary+get.swift */,
				6D3AFB791BAB860300FAE962 /* NSData+endian.swift */,
				6D3AFB7A1BAB860300FAE962 /* NSData+hex.swift */,
				6D3AFB7B1BAB860300FAE962 /* UInt8+reverse.swift */,
			);
			name = Extensions;
			sourceTree = "<group>";
		};
/* End PBXGroup section */

/* Begin PBXNativeTarget section */
		6D3AFB621BAB848B00FAE962 /* InfiniteGateway */ = {
			isa = PBXNativeTarget;
			buildConfigurationList = 6D3AFB751BAB848B00FAE962 /* Build configuration list for PBXNativeTarget "InfiniteGateway" */;
			buildPhases = (
				6D3AFB5F1BAB848B00FAE962 /* Sources */,
				6D3AFB601BAB848B00FAE962 /* Frameworks */,
				6D3AFB611BAB848B00FAE962 /* Resources */,
			);
			buildRules = (
			);
			dependencies = (
			);
			name = InfiniteGateway;
			productName = InfiniteGateway;
			productReference = 6D3AFB631BAB848B00FAE962 /* InfiniteGateway.app */;
			productType = "com.apple.product-type.application";
		};
/* End PBXNativeTarget section */

/* Begin PBXProject section */
		6D3AFB5B1BAB848B00FAE962 /* Project object */ = {
			isa = PBXProject;
			attributes = {
				LastUpgradeCheck = 0700;
				ORGANIZATIONNAME = "Eric Betts";
				TargetAttributes = {
					6D3AFB621BAB848B00FAE962 = {
						CreatedOnToolsVersion = 7.0;
					};
				};
			};
			buildConfigurationList = 6D3AFB5E1BAB848B00FAE962 /* Build configuration list for PBXProject "InfiniteGateway" */;
			compatibilityVersion = "Xcode 3.2";
			developmentRegion = English;
			hasScannedForEncodings = 0;
			knownRegions = (
				en,
				Base,
			);
			mainGroup = 6D3AFB5A1BAB848B00FAE962;
			productRefGroup = 6D3AFB641BAB848B00FAE962 /* Products */;
			projectDirPath = "";
			projectRoot = "";
			targets = (
				6D3AFB621BAB848B00FAE962 /* InfiniteGateway */,
			);
		};
/* End PBXProject section */

/* Begin PBXResourcesBuildPhase section */
		6D3AFB611BAB848B00FAE962 /* Resources */ = {
			isa = PBXResourcesBuildPhase;
			buildActionMask = 2147483647;
			files = (
				6D2BC2E41BB5022500933E7F /* TokenCellView.xib in Resources */,
				6D3AFB6E1BAB848B00FAE962 /* Assets.xcassets in Resources */,
				6D3AFB711BAB848B00FAE962 /* Main.storyboard in Resources */,
			);
			runOnlyForDeploymentPostprocessing = 0;
		};
/* End PBXResourcesBuildPhase section */

/* Begin PBXSourcesBuildPhase section */
		6D3AFB5F1BAB848B00FAE962 /* Sources */ = {
			isa = PBXSourcesBuildPhase;
			buildActionMask = 2147483647;
			files = (
				6D3AFB7C1BAB860300FAE962 /* Dictionary+get.swift in Sources */,
				6D3AFB7D1BAB860300FAE962 /* NSData+endian.swift in Sources */,
				6D2078AC1BAF549F00020B3A /* Block.swift in Sources */,
				6D3AFB7F1BAB860300FAE962 /* UInt8+reverse.swift in Sources */,
				6D3AFB7E1BAB860300FAE962 /* NSData+hex.swift in Sources */,
				6D269B531BB4C2FE00D0EF97 /* TokenCellView.swift in Sources */,
				6D2078AE1BAFAD7D00020B3A /* TokenDetailViewController.swift in Sources */,
				6D3AFB6C1BAB848B00FAE962 /* InfiniteGateway.xcdatamodeld in Sources */,
				6D3AFB691BAB848B00FAE962 /* ViewController.swift in Sources */,
				6D3AFB911BAB86FC00FAE962 /* Token.swift in Sources */,
				6D269B4F1BB4584500D0EF97 /* DeviceTabViewController.swift in Sources */,
				6D3AFB8F1BAB86FC00FAE962 /* Response.swift in Sources */,
				6D3AFB671BAB848B00FAE962 /* AppDelegate.swift in Sources */,
				6D3AFB8C1BAB86FC00FAE962 /* Message.swift in Sources */,
				6D3AFB921BAB86FC00FAE962 /* Update.swift in Sources */,
				6D3AFB941BACD9AE00FAE962 /* PortalDriver.swift in Sources */,
				6D3AFB961BAD1A7800FAE962 /* EncryptedToken.swift in Sources */,
				6D269B511BB4591300D0EF97 /* LibraryTabViewController.swift in Sources */,
				6D3AFB8D1BAB86FC00FAE962 /* Portal.swift in Sources */,
				6D2078AA1BAF4E3100020B3A /* MifareMini.swift in Sources */,
				6D3AFB901BAB86FC00FAE962 /* ThePoster.swift in Sources */,
				6D3AFB8A1BAB86FC00FAE962 /* Command.swift in Sources */,
				6D3AFB8E1BAB86FC00FAE962 /* Report.swift in Sources */,
			);
			runOnlyForDeploymentPostprocessing = 0;
		};
/* End PBXSourcesBuildPhase section */

/* Begin PBXVariantGroup section */
		6D3AFB6F1BAB848B00FAE962 /* Main.storyboard */ = {
			isa = PBXVariantGroup;
			children = (
				6D3AFB701BAB848B00FAE962 /* Base */,
			);
			name = Main.storyboard;
			sourceTree = "<group>";
		};
/* End PBXVariantGroup section */

/* Begin XCBuildConfiguration section */
		6D3AFB731BAB848B00FAE962 /* Debug */ = {
			isa = XCBuildConfiguration;
			buildSettings = {
				ALWAYS_SEARCH_USER_PATHS = NO;
				CLANG_CXX_LANGUAGE_STANDARD = "gnu++0x";
				CLANG_CXX_LIBRARY = "libc++";
				CLANG_ENABLE_MODULES = YES;
				CLANG_ENABLE_OBJC_ARC = YES;
				CLANG_WARN_BOOL_CONVERSION = YES;
				CLANG_WARN_CONSTANT_CONVERSION = YES;
				CLANG_WARN_DIRECT_OBJC_ISA_USAGE = YES_ERROR;
				CLANG_WARN_EMPTY_BODY = YES;
				CLANG_WARN_ENUM_CONVERSION = YES;
				CLANG_WARN_INT_CONVERSION = YES;
				CLANG_WARN_OBJC_ROOT_CLASS = YES_ERROR;
				CLANG_WARN_UNREACHABLE_CODE = YES;
				CLANG_WARN__DUPLICATE_METHOD_MATCH = YES;
				CODE_SIGN_IDENTITY = "-";
				COPY_PHASE_STRIP = NO;
				DEBUG_INFORMATION_FORMAT = dwarf;
				ENABLE_STRICT_OBJC_MSGSEND = YES;
				ENABLE_TESTABILITY = YES;
				GCC_C_LANGUAGE_STANDARD = gnu99;
				GCC_DYNAMIC_NO_PIC = NO;
				GCC_NO_COMMON_BLOCKS = YES;
				GCC_OPTIMIZATION_LEVEL = 0;
				GCC_PREPROCESSOR_DEFINITIONS = (
					"DEBUG=1",
					"$(inherited)",
				);
				GCC_WARN_64_TO_32_BIT_CONVERSION = YES;
				GCC_WARN_ABOUT_RETURN_TYPE = YES_ERROR;
				GCC_WARN_UNDECLARED_SELECTOR = YES;
				GCC_WARN_UNINITIALIZED_AUTOS = YES_AGGRESSIVE;
				GCC_WARN_UNUSED_FUNCTION = YES;
				GCC_WARN_UNUSED_VARIABLE = YES;
				MACOSX_DEPLOYMENT_TARGET = 10.10;
				MTL_ENABLE_DEBUG_INFO = YES;
				ONLY_ACTIVE_ARCH = YES;
				SDKROOT = macosx;
				SWIFT_OPTIMIZATION_LEVEL = "-Onone";
			};
			name = Debug;
		};
		6D3AFB741BAB848B00FAE962 /* Release */ = {
			isa = XCBuildConfiguration;
			buildSettings = {
				ALWAYS_SEARCH_USER_PATHS = NO;
				CLANG_CXX_LANGUAGE_STANDARD = "gnu++0x";
				CLANG_CXX_LIBRARY = "libc++";
				CLANG_ENABLE_MODULES = YES;
				CLANG_ENABLE_OBJC_ARC = YES;
				CLANG_WARN_BOOL_CONVERSION = YES;
				CLANG_WARN_CONSTANT_CONVERSION = YES;
				CLANG_WARN_DIRECT_OBJC_ISA_USAGE = YES_ERROR;
				CLANG_WARN_EMPTY_BODY = YES;
				CLANG_WARN_ENUM_CONVERSION = YES;
				CLANG_WARN_INT_CONVERSION = YES;
				CLANG_WARN_OBJC_ROOT_CLASS = YES_ERROR;
				CLANG_WARN_UNREACHABLE_CODE = YES;
				CLANG_WARN__DUPLICATE_METHOD_MATCH = YES;
				CODE_SIGN_IDENTITY = "-";
				COPY_PHASE_STRIP = NO;
				DEBUG_INFORMATION_FORMAT = "dwarf-with-dsym";
				ENABLE_NS_ASSERTIONS = NO;
				ENABLE_STRICT_OBJC_MSGSEND = YES;
				GCC_C_LANGUAGE_STANDARD = gnu99;
				GCC_NO_COMMON_BLOCKS = YES;
				GCC_WARN_64_TO_32_BIT_CONVERSION = YES;
				GCC_WARN_ABOUT_RETURN_TYPE = YES_ERROR;
				GCC_WARN_UNDECLARED_SELECTOR = YES;
				GCC_WARN_UNINITIALIZED_AUTOS = YES_AGGRESSIVE;
				GCC_WARN_UNUSED_FUNCTION = YES;
				GCC_WARN_UNUSED_VARIABLE = YES;
				MACOSX_DEPLOYMENT_TARGET = 10.10;
				MTL_ENABLE_DEBUG_INFO = NO;
				SDKROOT = macosx;
			};
			name = Release;
		};
		6D3AFB761BAB848B00FAE962 /* Debug */ = {
			isa = XCBuildConfiguration;
			buildSettings = {
				ASSETCATALOG_COMPILER_APPICON_NAME = AppIcon;
				COMBINE_HIDPI_IMAGES = YES;
				INFOPLIST_FILE = InfiniteGateway/Info.plist;
				LD_RUNPATH_SEARCH_PATHS = "$(inherited) @executable_path/../Frameworks";
				PRODUCT_BUNDLE_IDENTIFIER = org.ericbetts.InfiniteGateway;
				PRODUCT_NAME = "$(TARGET_NAME)";
				SWIFT_INCLUDE_PATHS = "CommonCRC CommonCrypto";
			};
			name = Debug;
		};
		6D3AFB771BAB848B00FAE962 /* Release */ = {
			isa = XCBuildConfiguration;
			buildSettings = {
				ASSETCATALOG_COMPILER_APPICON_NAME = AppIcon;
				COMBINE_HIDPI_IMAGES = YES;
				INFOPLIST_FILE = InfiniteGateway/Info.plist;
				LD_RUNPATH_SEARCH_PATHS = "$(inherited) @executable_path/../Frameworks";
				PRODUCT_BUNDLE_IDENTIFIER = org.ericbetts.InfiniteGateway;
				PRODUCT_NAME = "$(TARGET_NAME)";
				SWIFT_INCLUDE_PATHS = "CommonCRC CommonCrypto";
			};
			name = Release;
		};
/* End XCBuildConfiguration section */

/* Begin XCConfigurationList section */
		6D3AFB5E1BAB848B00FAE962 /* Build configuration list for PBXProject "InfiniteGateway" */ = {
			isa = XCConfigurationList;
			buildConfigurations = (
				6D3AFB731BAB848B00FAE962 /* Debug */,
				6D3AFB741BAB848B00FAE962 /* Release */,
			);
			defaultConfigurationIsVisible = 0;
			defaultConfigurationName = Release;
		};
		6D3AFB751BAB848B00FAE962 /* Build configuration list for PBXNativeTarget "InfiniteGateway" */ = {
			isa = XCConfigurationList;
			buildConfigurations = (
				6D3AFB761BAB848B00FAE962 /* Debug */,
				6D3AFB771BAB848B00FAE962 /* Release */,
			);
			defaultConfigurationIsVisible = 0;
			defaultConfigurationName = Release;
		};
/* End XCConfigurationList section */

/* Begin XCVersionGroup section */
		6D3AFB6A1BAB848B00FAE962 /* InfiniteGateway.xcdatamodeld */ = {
			isa = XCVersionGroup;
			children = (
				6D3AFB6B1BAB848B00FAE962 /* InfiniteGateway.xcdatamodel */,
			);
			currentVersion = 6D3AFB6B1BAB848B00FAE962 /* InfiniteGateway.xcdatamodel */;
			path = InfiniteGateway.xcdatamodeld;
			sourceTree = "<group>";
			versionGroupType = wrapper.xcdatamodel;
		};
/* End XCVersionGroup section */
	};
	rootObject = 6D3AFB5B1BAB848B00FAE962 /* Project object */;
}
